// !$*UTF8*$!
{
	archiveVersion = 1;
	classes = {
	};
	objectVersion = 50;
	objects = {

/* Begin PBXBuildFile section */
		9B6C92E22411DE03004DEB06 /* AppDelegate.swift in Sources */ = {isa = PBXBuildFile; fileRef = 9B6C92E12411DE03004DEB06 /* AppDelegate.swift */; };
		9B6C92E42411DE03004DEB06 /* SceneDelegate.swift in Sources */ = {isa = PBXBuildFile; fileRef = 9B6C92E32411DE03004DEB06 /* SceneDelegate.swift */; };
		9B6C92E62411DE03004DEB06 /* LoginViewController.swift in Sources */ = {isa = PBXBuildFile; fileRef = 9B6C92E52411DE03004DEB06 /* LoginViewController.swift */; };
		9B6C92E92411DE03004DEB06 /* Main.storyboard in Resources */ = {isa = PBXBuildFile; fileRef = 9B6C92E72411DE03004DEB06 /* Main.storyboard */; };
		9B6C92EB2411DE04004DEB06 /* Assets.xcassets in Resources */ = {isa = PBXBuildFile; fileRef = 9B6C92EA2411DE04004DEB06 /* Assets.xcassets */; };
		9B6C92EE2411DE04004DEB06 /* LaunchScreen.storyboard in Resources */ = {isa = PBXBuildFile; fileRef = 9B6C92EC2411DE04004DEB06 /* LaunchScreen.storyboard */; };
		9B6C92F62411E3EE004DEB06 /* CustomerListTableViewController.swift in Sources */ = {isa = PBXBuildFile; fileRef = 9B6C92F52411E3EE004DEB06 /* CustomerListTableViewController.swift */; };
		9BA1633E24130459007940E3 /* Image.png in Resources */ = {isa = PBXBuildFile; fileRef = 9BA1633D24130459007940E3 /* Image.png */; };
		9BA1634024130577007940E3 /* AddNewCustomerViewController.swift in Sources */ = {isa = PBXBuildFile; fileRef = 9BA1633F24130577007940E3 /* AddNewCustomerViewController.swift */; };
		9BEFCE0A24145664006569F6 /* Customer.swift in Sources */ = {isa = PBXBuildFile; fileRef = 9BEFCE0924145664006569F6 /* Customer.swift */; };
		9BEFCE0C2414595F006569F6 /* Extension.swift in Sources */ = {isa = PBXBuildFile; fileRef = 9BEFCE0B2414595F006569F6 /* Extension.swift */; };
		9BEFCE0E24145B97006569F6 /* ShowBillDetailsViewController.swift in Sources */ = {isa = PBXBuildFile; fileRef = 9BEFCE0D24145B97006569F6 /* ShowBillDetailsViewController.swift */; };
		9BEFCE1224146513006569F6 /* SingletonData.swift in Sources */ = {isa = PBXBuildFile; fileRef = 9BEFCE1124146513006569F6 /* SingletonData.swift */; };
/* End PBXBuildFile section */

/* Begin PBXFileReference section */
		9B6C92DE2411DE03004DEB06 /* C0777726_MidTerm_MAD3115W2020 C0777726_MidTerm_MAD3115W2020.app */ = {isa = PBXFileReference; explicitFileType = wrapper.application; includeInIndex = 0; path = "C0777726_MidTerm_MAD3115W2020 C0777726_MidTerm_MAD3115W2020.app"; sourceTree = BUILT_PRODUCTS_DIR; };
		9B6C92E12411DE03004DEB06 /* AppDelegate.swift */ = {isa = PBXFileReference; lastKnownFileType = sourcecode.swift; path = AppDelegate.swift; sourceTree = "<group>"; };
		9B6C92E32411DE03004DEB06 /* SceneDelegate.swift */ = {isa = PBXFileReference; lastKnownFileType = sourcecode.swift; path = SceneDelegate.swift; sourceTree = "<group>"; };
		9B6C92E52411DE03004DEB06 /* LoginViewController.swift */ = {isa = PBXFileReference; lastKnownFileType = sourcecode.swift; path = LoginViewController.swift; sourceTree = "<group>"; };
		9B6C92E82411DE03004DEB06 /* Base */ = {isa = PBXFileReference; lastKnownFileType = file.storyboard; name = Base; path = Base.lproj/Main.storyboard; sourceTree = "<group>"; };
		9B6C92EA2411DE04004DEB06 /* Assets.xcassets */ = {isa = PBXFileReference; lastKnownFileType = folder.assetcatalog; path = Assets.xcassets; sourceTree = "<group>"; };
		9B6C92ED2411DE04004DEB06 /* Base */ = {isa = PBXFileReference; lastKnownFileType = file.storyboard; name = Base; path = Base.lproj/LaunchScreen.storyboard; sourceTree = "<group>"; };
		9B6C92EF2411DE04004DEB06 /* Info.plist */ = {isa = PBXFileReference; lastKnownFileType = text.plist.xml; path = Info.plist; sourceTree = "<group>"; };
		9B6C92F52411E3EE004DEB06 /* CustomerListTableViewController.swift */ = {isa = PBXFileReference; lastKnownFileType = sourcecode.swift; path = CustomerListTableViewController.swift; sourceTree = "<group>"; };
		9BA1633D24130459007940E3 /* Image.png */ = {isa = PBXFileReference; lastKnownFileType = image.png; name = Image.png; path = Assets.xcassets/Image.imageset/Image.png; sourceTree = "<group>"; };
		9BA1633F24130577007940E3 /* AddNewCustomerViewController.swift */ = {isa = PBXFileReference; lastKnownFileType = sourcecode.swift; path = AddNewCustomerViewController.swift; sourceTree = "<group>"; };
		9BEFCE0924145664006569F6 /* Customer.swift */ = {isa = PBXFileReference; lastKnownFileType = sourcecode.swift; path = Customer.swift; sourceTree = "<group>"; };
		9BEFCE0B2414595F006569F6 /* Extension.swift */ = {isa = PBXFileReference; lastKnownFileType = sourcecode.swift; path = Extension.swift; sourceTree = "<group>"; };
		9BEFCE0D24145B97006569F6 /* ShowBillDetailsViewController.swift */ = {isa = PBXFileReference; lastKnownFileType = sourcecode.swift; path = ShowBillDetailsViewController.swift; sourceTree = "<group>"; };
		9BEFCE1124146513006569F6 /* SingletonData.swift */ = {isa = PBXFileReference; lastKnownFileType = sourcecode.swift; path = SingletonData.swift; sourceTree = "<group>"; };
/* End PBXFileReference section */

/* Begin PBXFrameworksBuildPhase section */
		9B6C92DB2411DE03004DEB06 /* Frameworks */ = {
			isa = PBXFrameworksBuildPhase;
			buildActionMask = 2147483647;
			files = (
			);
			runOnlyForDeploymentPostprocessing = 0;
		};
/* End PBXFrameworksBuildPhase section */

/* Begin PBXGroup section */
		9B6C92D52411DE03004DEB06 = {
			isa = PBXGroup;
			children = (
				9B6C92E02411DE03004DEB06 /* C0777726_MidTerm_MAD3115W2020 C0777726_MidTerm_MAD3115W2020 */,
				9B6C92DF2411DE03004DEB06 /* Products */,
			);
			sourceTree = "<group>";
		};
		9B6C92DF2411DE03004DEB06 /* Products */ = {
			isa = PBXGroup;
			children = (
				9B6C92DE2411DE03004DEB06 /* C0777726_MidTerm_MAD3115W2020 C0777726_MidTerm_MAD3115W2020.app */,
			);
			name = Products;
			sourceTree = "<group>";
		};
		9B6C92E02411DE03004DEB06 /* C0777726_MidTerm_MAD3115W2020 C0777726_MidTerm_MAD3115W2020 */ = {
			isa = PBXGroup;
			children = (
				9BA1633D24130459007940E3 /* Image.png */,
				9B6C92E12411DE03004DEB06 /* AppDelegate.swift */,
				9B6C92E32411DE03004DEB06 /* SceneDelegate.swift */,
				9B6C92E52411DE03004DEB06 /* LoginViewController.swift */,
				9B6C92E72411DE03004DEB06 /* Main.storyboard */,
				9B6C92EA2411DE04004DEB06 /* Assets.xcassets */,
				9B6C92EC2411DE04004DEB06 /* LaunchScreen.storyboard */,
				9B6C92EF2411DE04004DEB06 /* Info.plist */,
				9B6C92F52411E3EE004DEB06 /* CustomerListTableViewController.swift */,
				9BA1633F24130577007940E3 /* AddNewCustomerViewController.swift */,
				9BEFCE0924145664006569F6 /* Customer.swift */,
				9BEFCE0B2414595F006569F6 /* Extension.swift */,
				9BEFCE0D24145B97006569F6 /* ShowBillDetailsViewController.swift */,
				9BEFCE1124146513006569F6 /* SingletonData.swift */,
			);
			path = "C0777726_MidTerm_MAD3115W2020 C0777726_MidTerm_MAD3115W2020";
			sourceTree = "<group>";
		};
/* End PBXGroup section */

/* Begin PBXNativeTarget section */
		9B6C92DD2411DE03004DEB06 /* C0777726_MidTerm_MAD3115W2020 C0777726_MidTerm_MAD3115W2020 */ = {
			isa = PBXNativeTarget;
			buildConfigurationList = 9B6C92F22411DE04004DEB06 /* Build configuration list for PBXNativeTarget "C0777726_MidTerm_MAD3115W2020 C0777726_MidTerm_MAD3115W2020" */;
			buildPhases = (
				9B6C92DA2411DE03004DEB06 /* Sources */,
				9B6C92DB2411DE03004DEB06 /* Frameworks */,
				9B6C92DC2411DE03004DEB06 /* Resources */,
			);
			buildRules = (
			);
			dependencies = (
			);
			name = "C0777726_MidTerm_MAD3115W2020 C0777726_MidTerm_MAD3115W2020";
			productName = "C0777726_MidTerm_MAD3115W2020 C0777726_MidTerm_MAD3115W2020";
			productReference = 9B6C92DE2411DE03004DEB06 /* C0777726_MidTerm_MAD3115W2020 C0777726_MidTerm_MAD3115W2020.app */;
			productType = "com.apple.product-type.application";
		};
/* End PBXNativeTarget section */

/* Begin PBXProject section */
		9B6C92D62411DE03004DEB06 /* Project object */ = {
			isa = PBXProject;
			attributes = {
				LastSwiftUpdateCheck = 1130;
				LastUpgradeCheck = 1130;
				ORGANIZATIONNAME = MacStudent;
				TargetAttributes = {
					9B6C92DD2411DE03004DEB06 = {
						CreatedOnToolsVersion = 11.3;
					};
				};
			};
			buildConfigurationList = 9B6C92D92411DE03004DEB06 /* Build configuration list for PBXProject "C0777726_MidTerm_MAD3115W2020 C0777726_MidTerm_MAD3115W2020" */;
			compatibilityVersion = "Xcode 9.3";
			developmentRegion = en;
			hasScannedForEncodings = 0;
			knownRegions = (
				en,
				Base,
			);
			mainGroup = 9B6C92D52411DE03004DEB06;
			productRefGroup = 9B6C92DF2411DE03004DEB06 /* Products */;
			projectDirPath = "";
			projectRoot = "";
			targets = (
				9B6C92DD2411DE03004DEB06 /* C0777726_MidTerm_MAD3115W2020 C0777726_MidTerm_MAD3115W2020 */,
			);
		};
/* End PBXProject section */

/* Begin PBXResourcesBuildPhase section */
		9B6C92DC2411DE03004DEB06 /* Resources */ = {
			isa = PBXResourcesBuildPhase;
			buildActionMask = 2147483647;
			files = (
				9B6C92EE2411DE04004DEB06 /* LaunchScreen.storyboard in Resources */,
				9B6C92EB2411DE04004DEB06 /* Assets.xcassets in Resources */,
				9B6C92E92411DE03004DEB06 /* Main.storyboard in Resources */,
				9BA1633E24130459007940E3 /* Image.png in Resources */,
			);
			runOnlyForDeploymentPostprocessing = 0;
		};
/* End PBXResourcesBuildPhase section */

/* Begin PBXSourcesBuildPhase section */
		9B6C92DA2411DE03004DEB06 /* Sources */ = {
			isa = PBXSourcesBuildPhase;
			buildActionMask = 2147483647;
			files = (
				9BEFCE0E24145B97006569F6 /* ShowBillDetailsViewController.swift in Sources */,
				9B6C92E62411DE03004DEB06 /* LoginViewController.swift in Sources */,
				9BEFCE0A24145664006569F6 /* Customer.swift in Sources */,
				9BEFCE1224146513006569F6 /* SingletonData.swift in Sources */,
				9B6C92F62411E3EE004DEB06 /* CustomerListTableViewController.swift in Sources */,
				9BA1634024130577007940E3 /* AddNewCustomerViewController.swift in Sources */,
				9B6C92E22411DE03004DEB06 /* AppDelegate.swift in Sources */,
				9B6C92E42411DE03004DEB06 /* SceneDelegate.swift in Sources */,
				9BEFCE0C2414595F006569F6 /* Extension.swift in Sources */,
			);
			runOnlyForDeploymentPostprocessing = 0;
		};
/* End PBXSourcesBuildPhase section */

/* Begin PBXVariantGroup section */
		9B6C92E72411DE03004DEB06 /* Main.storyboard */ = {
			isa = PBXVariantGroup;
			children = (
				9B6C92E82411DE03004DEB06 /* Base */,
			);
			name = Main.storyboard;
			sourceTree = "<group>";
		};
		9B6C92EC2411DE04004DEB06 /* LaunchScreen.storyboard */ = {
			isa = PBXVariantGroup;
			children = (
				9B6C92ED2411DE04004DEB06 /* Base */,
			);
			name = LaunchScreen.storyboard;
			sourceTree = "<group>";
		};
/* End PBXVariantGroup section */

/* Begin XCBuildConfiguration section */
		9B6C92F02411DE04004DEB06 /* Debug */ = {
			isa = XCBuildConfiguration;
			buildSettings = {
				ALWAYS_SEARCH_USER_PATHS = NO;
				CLANG_ANALYZER_NONNULL = YES;
				CLANG_ANALYZER_NUMBER_OBJECT_CONVERSION = YES_AGGRESSIVE;
				CLANG_CXX_LANGUAGE_STANDARD = "gnu++14";
				CLANG_CXX_LIBRARY = "libc++";
				CLANG_ENABLE_MODULES = YES;
				CLANG_ENABLE_OBJC_ARC = YES;
				CLANG_ENABLE_OBJC_WEAK = YES;
				CLANG_WARN_BLOCK_CAPTURE_AUTORELEASING = YES;
				CLANG_WARN_BOOL_CONVERSION = YES;
				CLANG_WARN_COMMA = YES;
				CLANG_WARN_CONSTANT_CONVERSION = YES;
				CLANG_WARN_DEPRECATED_OBJC_IMPLEMENTATIONS = YES;
				CLANG_WARN_DIRECT_OBJC_ISA_USAGE = YES_ERROR;
				CLANG_WARN_DOCUMENTATION_COMMENTS = YES;
				CLANG_WARN_EMPTY_BODY = YES;
				CLANG_WARN_ENUM_CONVERSION = YES;
				CLANG_WARN_INFINITE_RECURSION = YES;
				CLANG_WARN_INT_CONVERSION = YES;
				CLANG_WARN_NON_LITERAL_NULL_CONVERSION = YES;
				CLANG_WARN_OBJC_IMPLICIT_RETAIN_SELF = YES;
				CLANG_WARN_OBJC_LITERAL_CONVERSION = YES;
				CLANG_WARN_OBJC_ROOT_CLASS = YES_ERROR;
				CLANG_WARN_RANGE_LOOP_ANALYSIS = YES;
				CLANG_WARN_STRICT_PROTOTYPES = YES;
				CLANG_WARN_SUSPICIOUS_MOVE = YES;
				CLANG_WARN_UNGUARDED_AVAILABILITY = YES_AGGRESSIVE;
				CLANG_WARN_UNREACHABLE_CODE = YES;
				CLANG_WARN__DUPLICATE_METHOD_MATCH = YES;
				COPY_PHASE_STRIP = NO;
				DEBUG_INFORMATION_FORMAT = dwarf;
				ENABLE_STRICT_OBJC_MSGSEND = YES;
				ENABLE_TESTABILITY = YES;
				GCC_C_LANGUAGE_STANDARD = gnu11;
				GCC_DYNAMIC_NO_PIC = NO;
				GCC_NO_COMMON_BLOCKS = YES;
				GCC_OPTIMIZATION_LEVEL = 0;
				GCC_PREPROCESSOR_DEFINITIONS = (
					"DEBUG=1",
					"$(inherited)",
				);
				GCC_WARN_64_TO_32_BIT_CONVERSION = YES;
				GCC_WARN_ABOUT_RETURN_TYPE = YES_ERROR;
				GCC_WARN_UNDECLARED_SELECTOR = YES;
				GCC_WARN_UNINITIALIZED_AUTOS = YES_AGGRESSIVE;
				GCC_WARN_UNUSED_FUNCTION = YES;
				GCC_WARN_UNUSED_VARIABLE = YES;
				IPHONEOS_DEPLOYMENT_TARGET = 13.2;
				MTL_ENABLE_DEBUG_INFO = INCLUDE_SOURCE;
				MTL_FAST_MATH = YES;
				ONLY_ACTIVE_ARCH = YES;
				SDKROOT = iphoneos;
				SWIFT_ACTIVE_COMPILATION_CONDITIONS = DEBUG;
				SWIFT_OPTIMIZATION_LEVEL = "-Onone";
			};
			name = Debug;
		};
		9B6C92F12411DE04004DEB06 /* Release */ = {
			isa = XCBuildConfiguration;
			buildSettings = {
				ALWAYS_SEARCH_USER_PATHS = NO;
				CLANG_ANALYZER_NONNULL = YES;
				CLANG_ANALYZER_NUMBER_OBJECT_CONVERSION = YES_AGGRESSIVE;
				CLANG_CXX_LANGUAGE_STANDARD = "gnu++14";
				CLANG_CXX_LIBRARY = "libc++";
				CLANG_ENABLE_MODULES = YES;
				CLANG_ENABLE_OBJC_ARC = YES;
				CLANG_ENABLE_OBJC_WEAK = YES;
				CLANG_WARN_BLOCK_CAPTURE_AUTORELEASING = YES;
				CLANG_WARN_BOOL_CONVERSION = YES;
				CLANG_WARN_COMMA = YES;
				CLANG_WARN_CONSTANT_CONVERSION = YES;
				CLANG_WARN_DEPRECATED_OBJC_IMPLEMENTATIONS = YES;
				CLANG_WARN_DIRECT_OBJC_ISA_USAGE = YES_ERROR;
				CLANG_WARN_DOCUMENTATION_COMMENTS = YES;
				CLANG_WARN_EMPTY_BODY = YES;
				CLANG_WARN_ENUM_CONVERSION = YES;
				CLANG_WARN_INFINITE_RECURSION = YES;
				CLANG_WARN_INT_CONVERSION = YES;
				CLANG_WARN_NON_LITERAL_NULL_CONVERSION = YES;
				CLANG_WARN_OBJC_IMPLICIT_RETAIN_SELF = YES;
				CLANG_WARN_OBJC_LITERAL_CONVERSION = YES;
				CLANG_WARN_OBJC_ROOT_CLASS = YES_ERROR;
				CLANG_WARN_RANGE_LOOP_ANALYSIS = YES;
				CLANG_WARN_STRICT_PROTOTYPES = YES;
				CLANG_WARN_SUSPICIOUS_MOVE = YES;
				CLANG_WARN_UNGUARDED_AVAILABILITY = YES_AGGRESSIVE;
				CLANG_WARN_UNREACHABLE_CODE = YES;
				CLANG_WARN__DUPLICATE_METHOD_MATCH = YES;
				COPY_PHASE_STRIP = NO;
				DEBUG_INFORMATION_FORMAT = "dwarf-with-dsym";
				ENABLE_NS_ASSERTIONS = NO;
				ENABLE_STRICT_OBJC_MSGSEND = YES;
				GCC_C_LANGUAGE_STANDARD = gnu11;
				GCC_NO_COMMON_BLOCKS = YES;
				GCC_WARN_64_TO_32_BIT_CONVERSION = YES;
				GCC_WARN_ABOUT_RETURN_TYPE = YES_ERROR;
				GCC_WARN_UNDECLARED_SELECTOR = YES;
				GCC_WARN_UNINITIALIZED_AUTOS = YES_AGGRESSIVE;
				GCC_WARN_UNUSED_FUNCTION = YES;
				GCC_WARN_UNUSED_VARIABLE = YES;
				IPHONEOS_DEPLOYMENT_TARGET = 13.2;
				MTL_ENABLE_DEBUG_INFO = NO;
				MTL_FAST_MATH = YES;
				SDKROOT = iphoneos;
				SWIFT_COMPILATION_MODE = wholemodule;
				SWIFT_OPTIMIZATION_LEVEL = "-O";
				VALIDATE_PRODUCT = YES;
			};
			name = Release;
		};
		9B6C92F32411DE04004DEB06 /* Debug */ = {
			isa = XCBuildConfiguration;
			buildSettings = {
				ASSETCATALOG_COMPILER_APPICON_NAME = AppIcon;
				CODE_SIGN_STYLE = Automatic;
				INFOPLIST_FILE = "C0777726_MidTerm_MAD3115W2020 C0777726_MidTerm_MAD3115W2020/Info.plist";
				LD_RUNPATH_SEARCH_PATHS = (
					"$(inherited)",
					"@executable_path/Frameworks",
				);
				PRODUCT_BUNDLE_IDENTIFIER = "CestarCollege.C0777726-MidTerm-MAD3115W2020-C0777726-MidTerm-MAD3115W2020";
				PRODUCT_NAME = "$(TARGET_NAME)";
				SWIFT_VERSION = 5.0;
				TARGETED_DEVICE_FAMILY = "1,2";
			};
			name = Debug;
		};
		9B6C92F42411DE04004DEB06 /* Release */ = {
			isa = XCBuildConfiguration;
			buildSettings = {
				ASSETCATALOG_COMPILER_APPICON_NAME = AppIcon;
				CODE_SIGN_STYLE = Automatic;
				INFOPLIST_FILE = "C0777726_MidTerm_MAD3115W2020 C0777726_MidTerm_MAD3115W2020/Info.plist";
				LD_RUNPATH_SEARCH_PATHS = (
					"$(inherited)",
					"@executable_path/Frameworks",
				);
				PRODUCT_BUNDLE_IDENTIFIER = "CestarCollege.C0777726-MidTerm-MAD3115W2020-C0777726-MidTerm-MAD3115W2020";
				PRODUCT_NAME = "$(TARGET_NAME)";
				SWIFT_VERSION = 5.0;
				TARGETED_DEVICE_FAMILY = "1,2";
			};
			name = Release;
		};
/* End XCBuildConfiguration section */

/* Begin XCConfigurationList section */
		9B6C92D92411DE03004DEB06 /* Build configuration list for PBXProject "C0777726_MidTerm_MAD3115W2020 C0777726_MidTerm_MAD3115W2020" */ = {
			isa = XCConfigurationList;
			buildConfigurations = (
				9B6C92F02411DE04004DEB06 /* Debug */,
				9B6C92F12411DE04004DEB06 /* Release */,
			);
			defaultConfigurationIsVisible = 0;
			defaultConfigurationName = Release;
		};
		9B6C92F22411DE04004DEB06 /* Build configuration list for PBXNativeTarget "C0777726_MidTerm_MAD3115W2020 C0777726_MidTerm_MAD3115W2020" */ = {
			isa = XCConfigurationList;
			buildConfigurations = (
				9B6C92F32411DE04004DEB06 /* Debug */,
				9B6C92F42411DE04004DEB06 /* Release */,
			);
			defaultConfigurationIsVisible = 0;
			defaultConfigurationName = Release;
		};
/* End XCConfigurationList section */
	};
	rootObject = 9B6C92D62411DE03004DEB06 /* Project object */;
}
